<?xml version="1.0" encoding="utf-8"?>
<Project ToolsVersion="4.0" xmlns="http://schemas.microsoft.com/developer/msbuild/2003">
  <ItemGroup>
    <Filter Include="Quelldateien">
      <UniqueIdentifier>{4FC737F1-C7A5-4376-A066-2A32D752A2FF}</UniqueIdentifier>
      <Extensions>cpp;c;cc;cxx;def;odl;idl;hpj;bat;asm;asmx</Extensions>
    </Filter>
    <Filter Include="Headerdateien">
      <UniqueIdentifier>{93995380-89BD-4b04-88EB-625FBE52EBFB}</UniqueIdentifier>
      <Extensions>h;hh;hpp;hxx;hm;inl;inc;xsd</Extensions>
    </Filter>
    <Filter Include="Ressourcendateien">
      <UniqueIdentifier>{67DA6AB6-F800-4c08-8B7A-83BB121AAD01}</UniqueIdentifier>
      <Extensions>rc;ico;cur;bmp;dlg;rc2;rct;bin;rgs;gif;jpg;jpeg;jpe;resx;tiff;tif;png;wav;mfcribbon-ms</Extensions>
    </Filter>
    <Filter Include="include">
      <UniqueIdentifier>{970c5cc8-9f8c-4ff8-85c6-2272e13ae566}</UniqueIdentifier>
    </Filter>
  </ItemGroup>
  <ItemGroup>
    <ClCompile Include="PluginMain.cpp">
      <Filter>Quelldateien</Filter>
    </ClCompile>
    <ClCompile Include="ESCenterlines.cpp">
      <Filter>Quelldateien</Filter>
    </ClCompile>
    <ClCompile Include="ESCenterlinesScreen.cpp">
      <Filter>Quelldateien</Filter>
    </ClCompile>
    <ClCompile Include="Coordinate.cpp">
      <Filter>Quelldateien</Filter>
    </ClCompile>
    <ClCompile Include="Line.cpp">
      <Filter>Quelldateien</Filter>
    </ClCompile>
    <ClCompile Include="RangeTick.cpp">
      <Filter>Quelldateien</Filter>
    </ClCompile>
    <ClCompile Include="Runway.cpp">
      <Filter>Quelldateien</Filter>
    </ClCompile>
    <ClCompile Include="Geographic.cpp">
      <Filter>Quelldateien</Filter>
    </ClCompile>
    <ClCompile Include="ExtendedCenterline.cpp">
      <Filter>Quelldateien</Filter>
    </ClCompile>
    <ClCompile Include="CenterlineElement.cpp">
      <Filter>Quelldateien</Filter>
    </ClCompile>
    <ClCompile Include="CenterlineSettings.cpp">
      <Filter>Quelldateien</Filter>
    </ClCompile>
  </ItemGroup>
  <ItemGroup>
    <None Include="..\README.md" />
  </ItemGroup>
  <ItemGroup>
    <ClInclude Include="CenterlineElement.h">
      <Filter>Headerdateien</Filter>
    </ClInclude>
    <ClInclude Include="Coordinate.h">
      <Filter>Headerdateien</Filter>
    </ClInclude>
    <ClInclude Include="ESCenterlines.h">
      <Filter>Headerdateien</Filter>
    </ClInclude>
    <ClInclude Include="ESCenterlinesScreen.h">
      <Filter>Headerdateien</Filter>
    </ClInclude>
    <ClInclude Include="ExtendedCenterline.h">
      <Filter>Headerdateien</Filter>
    </ClInclude>
    <ClInclude Include="Geographic.h">
      <Filter>Headerdateien</Filter>
    </ClInclude>
    <ClInclude Include="Line.h">
      <Filter>Headerdateien</Filter>
    </ClInclude>
    <ClInclude Include="RangeTick.h">
      <Filter>Headerdateien</Filter>
    </ClInclude>
    <ClInclude Include="Runway.h">
      <Filter>Headerdateien</Filter>
    </ClInclude>
    <ClInclude Include="include\EuroScopePlugIn.h">
      <Filter>include</Filter>
    </ClInclude>
    <ClInclude Include="CenterlineSettings.h">
      <Filter>Headerdateien</Filter>
    </ClInclude>
    <ClInclude Include="include\GeographicLib\Config.h">
      <Filter>include</Filter>
    </ClInclude>
    <ClInclude Include="include\GeographicLib\Constants.hpp">
      <Filter>include</Filter>
    </ClInclude>
    <ClInclude Include="include\GeographicLib\Geodesic.hpp">
      <Filter>include</Filter>
    </ClInclude>
    <ClInclude Include="include\GeographicLib\GeodesicLine.hpp">
      <Filter>include</Filter>
    </ClInclude>
    <ClInclude Include="include\GeographicLib\Math.hpp">
      <Filter>include</Filter>
    </ClInclude>
  </ItemGroup>
</Project>